
Microsoft Visual Studio Solution File, Format Version 12.00
# Visual Studio Version 17
VisualStudioVersion = 17.10.35013.160
MinimumVisualStudioVersion = 10.0.40219.1
Project("{FAE04EC0-301F-11D3-BF4B-00C04F79EFBC}") = "Twillio.Demo", "Twillio.Demo\Twillio.Demo.csproj", "{7A0C8840-3418-4544-BE2B-F95C40B2054D}"
EndProject
Global
	GlobalSection(SolutionConfigurationPlatforms) = preSolution
		Debug|Any CPU = Debug|Any CPU
		Release|Any CPU = Release|Any CPU
	EndGlobalSection
	GlobalSection(ProjectConfigurationPlatforms) = postSolution
		{7A0C8840-3418-4544-BE2B-F95C40B2054D}.Debug|Any CPU.ActiveCfg = Debug|Any CPU
		{7A0C8840-3418-4544-BE2B-F95C40B2054D}.Debug|Any CPU.Build.0 = Debug|Any CPU
		{7A0C8840-3418-4544-BE2B-F95C40B2054D}.Release|Any CPU.ActiveCfg = Release|Any CPU
		{7A0C8840-3418-4544-BE2B-F95C40B2054D}.Release|Any CPU.Build.0 = Release|Any CPU
	EndGlobalSection
	GlobalSection(SolutionProperties) = preSolution
		HideSolutionNode = FALSE
	EndGlobalSection
	GlobalSection(ExtensibilityGlobals) = postSolution
		SolutionGuid = {E87DD156-23FC-49AA-B2D9-AA0B557F4C12}
	EndGlobalSection
EndGlobal
